
Microsoft Visual Studio Solution File, Format Version 12.00
# Visual Studio Version 16
VisualStudioVersion = 16.0.30330.147
MinimumVisualStudioVersion = 10.0.40219.1
Project("{FAE04EC0-301F-11D3-BF4B-00C04F79EFBC}") = "SzlukaAndras_RatkaiLevente", "SzlukaAndras_RatkaiLevente\SzlukaAndras_RatkaiLevente.csproj", "{39611536-5B5F-4812-97FB-1A141BC64972}"
EndProject
Global
	GlobalSection(SolutionConfigurationPlatforms) = preSolution
		Debug|Any CPU = Debug|Any CPU
		Release|Any CPU = Release|Any CPU
	EndGlobalSection
	GlobalSection(ProjectConfigurationPlatforms) = postSolution
		{39611536-5B5F-4812-97FB-1A141BC64972}.Debug|Any CPU.ActiveCfg = Debug|Any CPU
		{39611536-5B5F-4812-97FB-1A141BC64972}.Debug|Any CPU.Build.0 = Debug|Any CPU
		{39611536-5B5F-4812-97FB-1A141BC64972}.Release|Any CPU.ActiveCfg = Release|Any CPU
		{39611536-5B5F-4812-97FB-1A141BC64972}.Release|Any CPU.Build.0 = Release|Any CPU
	EndGlobalSection
	GlobalSection(SolutionProperties) = preSolution
		HideSolutionNode = FALSE
	EndGlobalSection
	GlobalSection(ExtensibilityGlobals) = postSolution
		SolutionGuid = {FA1EC02F-D0BF-4D40-9DA7-B6A35C8593CD}
	EndGlobalSection
EndGlobal
