
Microsoft Visual Studio Solution File, Format Version 12.00
# Visual Studio Version 17
VisualStudioVersion = 17.4.33403.182
MinimumVisualStudioVersion = 10.0.40219.1
Project("{9A19103F-16F7-4668-BE54-9A1E7A4F7556}") = "ElsoOra", "ElsoOra\ElsoOra.csproj", "{EE435469-099C-4BFB-97BD-0B647415D761}"
EndProject
Project("{FAE04EC0-301F-11D3-BF4B-00C04F79EFBC}") = "fajlkezeles", "fajlkezeles\fajlkezeles.csproj", "{77A84D19-CAB7-4A11-BBD2-3CB417288793}"
EndProject
Global
	GlobalSection(SolutionConfigurationPlatforms) = preSolution
		Debug|Any CPU = Debug|Any CPU
		Release|Any CPU = Release|Any CPU
	EndGlobalSection
	GlobalSection(ProjectConfigurationPlatforms) = postSolution
		{EE435469-099C-4BFB-97BD-0B647415D761}.Debug|Any CPU.ActiveCfg = Debug|Any CPU
		{EE435469-099C-4BFB-97BD-0B647415D761}.Debug|Any CPU.Build.0 = Debug|Any CPU
		{EE435469-099C-4BFB-97BD-0B647415D761}.Release|Any CPU.ActiveCfg = Release|Any CPU
		{EE435469-099C-4BFB-97BD-0B647415D761}.Release|Any CPU.Build.0 = Release|Any CPU
		{77A84D19-CAB7-4A11-BBD2-3CB417288793}.Debug|Any CPU.ActiveCfg = Debug|Any CPU
		{77A84D19-CAB7-4A11-BBD2-3CB417288793}.Debug|Any CPU.Build.0 = Debug|Any CPU
		{77A84D19-CAB7-4A11-BBD2-3CB417288793}.Release|Any CPU.ActiveCfg = Release|Any CPU
		{77A84D19-CAB7-4A11-BBD2-3CB417288793}.Release|Any CPU.Build.0 = Release|Any CPU
	EndGlobalSection
	GlobalSection(SolutionProperties) = preSolution
		HideSolutionNode = FALSE
	EndGlobalSection
	GlobalSection(ExtensibilityGlobals) = postSolution
		SolutionGuid = {B6410510-883B-408D-9EFD-FE1E42981DCE}
	EndGlobalSection
EndGlobal
